// !$*UTF8*$!
{
	archiveVersion = 1;
	classes = {
	};
	objectVersion = 56;
	objects = {

/* Begin PBXBuildFile section */
		07380C512AE571280072BBD7 /* WeekdaysHeaderView.swift in Sources */ = {isa = PBXBuildFile; fileRef = 07380C502AE571270072BBD7 /* WeekdaysHeaderView.swift */; };
		076ED3FD2ABF846100908C3A /* AddFormViewController.swift in Sources */ = {isa = PBXBuildFile; fileRef = 076ED3FC2ABF846100908C3A /* AddFormViewController.swift */; };
		0792F3FF2ACB2E17002D8BF3 /* EditModeToolbarView.swift in Sources */ = {isa = PBXBuildFile; fileRef = 0792F3FE2ACB2E17002D8BF3 /* EditModeToolbarView.swift */; };
		07A6CC402AE07B28008A186D /* DatePickerViewController.swift in Sources */ = {isa = PBXBuildFile; fileRef = 07A6CC3F2AE07B28008A186D /* DatePickerViewController.swift */; };
		07C48DD52AE198FA00DF3F80 /* Day.swift in Sources */ = {isa = PBXBuildFile; fileRef = 07C48DD42AE198FA00DF3F80 /* Day.swift */; };
		07C48DD72AE1994800DF3F80 /* DatePickerView.swift in Sources */ = {isa = PBXBuildFile; fileRef = 07C48DD62AE1994800DF3F80 /* DatePickerView.swift */; };
		07C48DD92AE199EA00DF3F80 /* DateCell.swift in Sources */ = {isa = PBXBuildFile; fileRef = 07C48DD82AE199EA00DF3F80 /* DateCell.swift */; };
		07DA6E7B2ABB7963002386B7 /* AppDelegate.swift in Sources */ = {isa = PBXBuildFile; fileRef = 07DA6E7A2ABB7963002386B7 /* AppDelegate.swift */; };
		07DA6E7D2ABB7963002386B7 /* SceneDelegate.swift in Sources */ = {isa = PBXBuildFile; fileRef = 07DA6E7C2ABB7963002386B7 /* SceneDelegate.swift */; };
		07DA6E842ABB7967002386B7 /* Assets.xcassets in Resources */ = {isa = PBXBuildFile; fileRef = 07DA6E832ABB7967002386B7 /* Assets.xcassets */; };
		07DA6E872ABB7967002386B7 /* LaunchScreen.storyboard in Resources */ = {isa = PBXBuildFile; fileRef = 07DA6E852ABB7967002386B7 /* LaunchScreen.storyboard */; };
		07DA6E8F2ABB7F25002386B7 /* TaskListViewController.swift in Sources */ = {isa = PBXBuildFile; fileRef = 07DA6E8E2ABB7F25002386B7 /* TaskListViewController.swift */; };
		07DA6E912ABB865D002386B7 /* Task.swift in Sources */ = {isa = PBXBuildFile; fileRef = 07DA6E902ABB865D002386B7 /* Task.swift */; };
		07DA6E952ABB88D0002386B7 /* TaskCell.swift in Sources */ = {isa = PBXBuildFile; fileRef = 07DA6E942ABB88D0002386B7 /* TaskCell.swift */; };
		07E3E8972AD2B9C600B926D1 /* TaskPresenterViewController.swift in Sources */ = {isa = PBXBuildFile; fileRef = 07E3E8962AD2B9C600B926D1 /* TaskPresenterViewController.swift */; };
/* End PBXBuildFile section */

/* Begin PBXFileReference section */
		07380C502AE571270072BBD7 /* WeekdaysHeaderView.swift */ = {isa = PBXFileReference; lastKnownFileType = sourcecode.swift; path = WeekdaysHeaderView.swift; sourceTree = "<group>"; };
		076ED3FC2ABF846100908C3A /* AddFormViewController.swift */ = {isa = PBXFileReference; lastKnownFileType = sourcecode.swift; path = AddFormViewController.swift; sourceTree = "<group>"; };
		0792F3FE2ACB2E17002D8BF3 /* EditModeToolbarView.swift */ = {isa = PBXFileReference; lastKnownFileType = sourcecode.swift; path = EditModeToolbarView.swift; sourceTree = "<group>"; };
		07A6CC3F2AE07B28008A186D /* DatePickerViewController.swift */ = {isa = PBXFileReference; lastKnownFileType = sourcecode.swift; path = DatePickerViewController.swift; sourceTree = "<group>"; };
		07C48DD42AE198FA00DF3F80 /* Day.swift */ = {isa = PBXFileReference; lastKnownFileType = sourcecode.swift; path = Day.swift; sourceTree = "<group>"; };
		07C48DD62AE1994800DF3F80 /* DatePickerView.swift */ = {isa = PBXFileReference; lastKnownFileType = sourcecode.swift; path = DatePickerView.swift; sourceTree = "<group>"; };
		07C48DD82AE199EA00DF3F80 /* DateCell.swift */ = {isa = PBXFileReference; lastKnownFileType = sourcecode.swift; path = DateCell.swift; sourceTree = "<group>"; };
		07DA6E772ABB7963002386B7 /* Taskich.app */ = {isa = PBXFileReference; explicitFileType = wrapper.application; includeInIndex = 0; path = Taskich.app; sourceTree = BUILT_PRODUCTS_DIR; };
		07DA6E7A2ABB7963002386B7 /* AppDelegate.swift */ = {isa = PBXFileReference; lastKnownFileType = sourcecode.swift; path = AppDelegate.swift; sourceTree = "<group>"; };
		07DA6E7C2ABB7963002386B7 /* SceneDelegate.swift */ = {isa = PBXFileReference; lastKnownFileType = sourcecode.swift; path = SceneDelegate.swift; sourceTree = "<group>"; };
		07DA6E832ABB7967002386B7 /* Assets.xcassets */ = {isa = PBXFileReference; lastKnownFileType = folder.assetcatalog; path = Assets.xcassets; sourceTree = "<group>"; };
		07DA6E862ABB7967002386B7 /* Base */ = {isa = PBXFileReference; lastKnownFileType = file.storyboard; name = Base; path = Base.lproj/LaunchScreen.storyboard; sourceTree = "<group>"; };
		07DA6E882ABB7967002386B7 /* Info.plist */ = {isa = PBXFileReference; lastKnownFileType = text.plist.xml; path = Info.plist; sourceTree = "<group>"; };
		07DA6E8E2ABB7F25002386B7 /* TaskListViewController.swift */ = {isa = PBXFileReference; lastKnownFileType = sourcecode.swift; path = TaskListViewController.swift; sourceTree = "<group>"; };
		07DA6E902ABB865D002386B7 /* Task.swift */ = {isa = PBXFileReference; lastKnownFileType = sourcecode.swift; path = Task.swift; sourceTree = "<group>"; };
		07DA6E942ABB88D0002386B7 /* TaskCell.swift */ = {isa = PBXFileReference; lastKnownFileType = sourcecode.swift; path = TaskCell.swift; sourceTree = "<group>"; };
		07E3E8962AD2B9C600B926D1 /* TaskPresenterViewController.swift */ = {isa = PBXFileReference; lastKnownFileType = sourcecode.swift; path = TaskPresenterViewController.swift; sourceTree = "<group>"; };
/* End PBXFileReference section */

/* Begin PBXFrameworksBuildPhase section */
		07DA6E742ABB7962002386B7 /* Frameworks */ = {
			isa = PBXFrameworksBuildPhase;
			buildActionMask = 2147483647;
			files = (
			);
			runOnlyForDeploymentPostprocessing = 0;
		};
/* End PBXFrameworksBuildPhase section */

/* Begin PBXGroup section */
		07DA6E6E2ABB7962002386B7 = {
			isa = PBXGroup;
			children = (
				07DA6E792ABB7963002386B7 /* Taskich */,
				07DA6E782ABB7963002386B7 /* Products */,
			);
			sourceTree = "<group>";
		};
		07DA6E782ABB7963002386B7 /* Products */ = {
			isa = PBXGroup;
			children = (
				07DA6E772ABB7963002386B7 /* Taskich.app */,
			);
			name = Products;
			sourceTree = "<group>";
		};
		07DA6E792ABB7963002386B7 /* Taskich */ = {
			isa = PBXGroup;
			children = (
				07DA6E7A2ABB7963002386B7 /* AppDelegate.swift */,
				07DA6E7C2ABB7963002386B7 /* SceneDelegate.swift */,
				07DA6E902ABB865D002386B7 /* Task.swift */,
				07DA6E942ABB88D0002386B7 /* TaskCell.swift */,
				07DA6E8E2ABB7F25002386B7 /* TaskListViewController.swift */,
				076ED3FC2ABF846100908C3A /* AddFormViewController.swift */,
				07E3E8962AD2B9C600B926D1 /* TaskPresenterViewController.swift */,
				0792F3FE2ACB2E17002D8BF3 /* EditModeToolbarView.swift */,
				07C48DD42AE198FA00DF3F80 /* Day.swift */,
				07C48DD62AE1994800DF3F80 /* DatePickerView.swift */,
				07A6CC3F2AE07B28008A186D /* DatePickerViewController.swift */,
				07380C502AE571270072BBD7 /* WeekdaysHeaderView.swift */,
				07C48DD82AE199EA00DF3F80 /* DateCell.swift */,
				07DA6E832ABB7967002386B7 /* Assets.xcassets */,
				07DA6E852ABB7967002386B7 /* LaunchScreen.storyboard */,
				07DA6E882ABB7967002386B7 /* Info.plist */,
			);
			path = Taskich;
			sourceTree = "<group>";
		};
/* End PBXGroup section */

/* Begin PBXNativeTarget section */
		07DA6E762ABB7962002386B7 /* Taskich */ = {
			isa = PBXNativeTarget;
			buildConfigurationList = 07DA6E8B2ABB7967002386B7 /* Build configuration list for PBXNativeTarget "Taskich" */;
			buildPhases = (
				07DA6E732ABB7962002386B7 /* Sources */,
				07DA6E742ABB7962002386B7 /* Frameworks */,
				07DA6E752ABB7962002386B7 /* Resources */,
			);
			buildRules = (
			);
			dependencies = (
			);
			name = Taskich;
			packageProductDependencies = (
			);
			productName = Taskich;
			productReference = 07DA6E772ABB7963002386B7 /* Taskich.app */;
			productType = "com.apple.product-type.application";
		};
/* End PBXNativeTarget section */

/* Begin PBXProject section */
		07DA6E6F2ABB7962002386B7 /* Project object */ = {
			isa = PBXProject;
			attributes = {
				BuildIndependentTargetsInParallel = 1;
				LastSwiftUpdateCheck = 1420;
				LastUpgradeCheck = 1420;
				TargetAttributes = {
					07DA6E762ABB7962002386B7 = {
						CreatedOnToolsVersion = 14.2;
					};
				};
			};
			buildConfigurationList = 07DA6E722ABB7962002386B7 /* Build configuration list for PBXProject "Taskich" */;
			compatibilityVersion = "Xcode 14.0";
			developmentRegion = en;
			hasScannedForEncodings = 0;
			knownRegions = (
				en,
				Base,
			);
			mainGroup = 07DA6E6E2ABB7962002386B7;
			packageReferences = (
			);
			productRefGroup = 07DA6E782ABB7963002386B7 /* Products */;
			projectDirPath = "";
			projectRoot = "";
			targets = (
				07DA6E762ABB7962002386B7 /* Taskich */,
			);
		};
/* End PBXProject section */

/* Begin PBXResourcesBuildPhase section */
		07DA6E752ABB7962002386B7 /* Resources */ = {
			isa = PBXResourcesBuildPhase;
			buildActionMask = 2147483647;
			files = (
				07DA6E872ABB7967002386B7 /* LaunchScreen.storyboard in Resources */,
				07DA6E842ABB7967002386B7 /* Assets.xcassets in Resources */,
			);
			runOnlyForDeploymentPostprocessing = 0;
		};
/* End PBXResourcesBuildPhase section */

/* Begin PBXSourcesBuildPhase section */
		07DA6E732ABB7962002386B7 /* Sources */ = {
			isa = PBXSourcesBuildPhase;
			buildActionMask = 2147483647;
			files = (
				07DA6E8F2ABB7F25002386B7 /* TaskListViewController.swift in Sources */,
				07DA6E912ABB865D002386B7 /* Task.swift in Sources */,
				07A6CC402AE07B28008A186D /* DatePickerViewController.swift in Sources */,
				07C48DD72AE1994800DF3F80 /* DatePickerView.swift in Sources */,
				07E3E8972AD2B9C600B926D1 /* TaskPresenterViewController.swift in Sources */,
				076ED3FD2ABF846100908C3A /* AddFormViewController.swift in Sources */,
				0792F3FF2ACB2E17002D8BF3 /* EditModeToolbarView.swift in Sources */,
				07380C512AE571280072BBD7 /* WeekdaysHeaderView.swift in Sources */,
				07C48DD92AE199EA00DF3F80 /* DateCell.swift in Sources */,
				07DA6E7B2ABB7963002386B7 /* AppDelegate.swift in Sources */,
				07DA6E952ABB88D0002386B7 /* TaskCell.swift in Sources */,
				07C48DD52AE198FA00DF3F80 /* Day.swift in Sources */,
				07DA6E7D2ABB7963002386B7 /* SceneDelegate.swift in Sources */,
			);
			runOnlyForDeploymentPostprocessing = 0;
		};
/* End PBXSourcesBuildPhase section */

/* Begin PBXVariantGroup section */
		07DA6E852ABB7967002386B7 /* LaunchScreen.storyboard */ = {
			isa = PBXVariantGroup;
			children = (
				07DA6E862ABB7967002386B7 /* Base */,
			);
			name = LaunchScreen.storyboard;
			sourceTree = "<group>";
		};
/* End PBXVariantGroup section */

/* Begin XCBuildConfiguration section */
		07DA6E892ABB7967002386B7 /* Debug */ = {
			isa = XCBuildConfiguration;
			buildSettings = {
				ALWAYS_SEARCH_USER_PATHS = NO;
				CLANG_ANALYZER_NONNULL = YES;
				CLANG_ANALYZER_NUMBER_OBJECT_CONVERSION = YES_AGGRESSIVE;
				CLANG_CXX_LANGUAGE_STANDARD = "gnu++20";
				CLANG_ENABLE_MODULES = YES;
				CLANG_ENABLE_OBJC_ARC = YES;
				CLANG_ENABLE_OBJC_WEAK = YES;
				CLANG_WARN_BLOCK_CAPTURE_AUTORELEASING = YES;
				CLANG_WARN_BOOL_CONVERSION = YES;
				CLANG_WARN_COMMA = YES;
				CLANG_WARN_CONSTANT_CONVERSION = YES;
				CLANG_WARN_DEPRECATED_OBJC_IMPLEMENTATIONS = YES;
				CLANG_WARN_DIRECT_OBJC_ISA_USAGE = YES_ERROR;
				CLANG_WARN_DOCUMENTATION_COMMENTS = YES;
				CLANG_WARN_EMPTY_BODY = YES;
				CLANG_WARN_ENUM_CONVERSION = YES;
				CLANG_WARN_INFINITE_RECURSION = YES;
				CLANG_WARN_INT_CONVERSION = YES;
				CLANG_WARN_NON_LITERAL_NULL_CONVERSION = YES;
				CLANG_WARN_OBJC_IMPLICIT_RETAIN_SELF = YES;
				CLANG_WARN_OBJC_LITERAL_CONVERSION = YES;
				CLANG_WARN_OBJC_ROOT_CLASS = YES_ERROR;
				CLANG_WARN_QUOTED_INCLUDE_IN_FRAMEWORK_HEADER = YES;
				CLANG_WARN_RANGE_LOOP_ANALYSIS = YES;
				CLANG_WARN_STRICT_PROTOTYPES = YES;
				CLANG_WARN_SUSPICIOUS_MOVE = YES;
				CLANG_WARN_UNGUARDED_AVAILABILITY = YES_AGGRESSIVE;
				CLANG_WARN_UNREACHABLE_CODE = YES;
				CLANG_WARN__DUPLICATE_METHOD_MATCH = YES;
				COPY_PHASE_STRIP = NO;
				DEBUG_INFORMATION_FORMAT = dwarf;
				ENABLE_STRICT_OBJC_MSGSEND = YES;
				ENABLE_TESTABILITY = YES;
				GCC_C_LANGUAGE_STANDARD = gnu11;
				GCC_DYNAMIC_NO_PIC = NO;
				GCC_NO_COMMON_BLOCKS = YES;
				GCC_OPTIMIZATION_LEVEL = 0;
				GCC_PREPROCESSOR_DEFINITIONS = (
					"DEBUG=1",
					"$(inherited)",
				);
				GCC_WARN_64_TO_32_BIT_CONVERSION = YES;
				GCC_WARN_ABOUT_RETURN_TYPE = YES_ERROR;
				GCC_WARN_UNDECLARED_SELECTOR = YES;
				GCC_WARN_UNINITIALIZED_AUTOS = YES_AGGRESSIVE;
				GCC_WARN_UNUSED_FUNCTION = YES;
				GCC_WARN_UNUSED_VARIABLE = YES;
				IPHONEOS_DEPLOYMENT_TARGET = 16.2;
				MTL_ENABLE_DEBUG_INFO = INCLUDE_SOURCE;
				MTL_FAST_MATH = YES;
				ONLY_ACTIVE_ARCH = YES;
				SDKROOT = iphoneos;
				SWIFT_ACTIVE_COMPILATION_CONDITIONS = DEBUG;
				SWIFT_OPTIMIZATION_LEVEL = "-Onone";
			};
			name = Debug;
		};
		07DA6E8A2ABB7967002386B7 /* Release */ = {
			isa = XCBuildConfiguration;
			buildSettings = {
				ALWAYS_SEARCH_USER_PATHS = NO;
				CLANG_ANALYZER_NONNULL = YES;
				CLANG_ANALYZER_NUMBER_OBJECT_CONVERSION = YES_AGGRESSIVE;
				CLANG_CXX_LANGUAGE_STANDARD = "gnu++20";
				CLANG_ENABLE_MODULES = YES;
				CLANG_ENABLE_OBJC_ARC = YES;
				CLANG_ENABLE_OBJC_WEAK = YES;
				CLANG_WARN_BLOCK_CAPTURE_AUTORELEASING = YES;
				CLANG_WARN_BOOL_CONVERSION = YES;
				CLANG_WARN_COMMA = YES;
				CLANG_WARN_CONSTANT_CONVERSION = YES;
				CLANG_WARN_DEPRECATED_OBJC_IMPLEMENTATIONS = YES;
				CLANG_WARN_DIRECT_OBJC_ISA_USAGE = YES_ERROR;
				CLANG_WARN_DOCUMENTATION_COMMENTS = YES;
				CLANG_WARN_EMPTY_BODY = YES;
				CLANG_WARN_ENUM_CONVERSION = YES;
				CLANG_WARN_INFINITE_RECURSION = YES;
				CLANG_WARN_INT_CONVERSION = YES;
				CLANG_WARN_NON_LITERAL_NULL_CONVERSION = YES;
				CLANG_WARN_OBJC_IMPLICIT_RETAIN_SELF = YES;
				CLANG_WARN_OBJC_LITERAL_CONVERSION = YES;
				CLANG_WARN_OBJC_ROOT_CLASS = YES_ERROR;
				CLANG_WARN_QUOTED_INCLUDE_IN_FRAMEWORK_HEADER = YES;
				CLANG_WARN_RANGE_LOOP_ANALYSIS = YES;
				CLANG_WARN_STRICT_PROTOTYPES = YES;
				CLANG_WARN_SUSPICIOUS_MOVE = YES;
				CLANG_WARN_UNGUARDED_AVAILABILITY = YES_AGGRESSIVE;
				CLANG_WARN_UNREACHABLE_CODE = YES;
				CLANG_WARN__DUPLICATE_METHOD_MATCH = YES;
				COPY_PHASE_STRIP = NO;
				DEBUG_INFORMATION_FORMAT = "dwarf-with-dsym";
				ENABLE_NS_ASSERTIONS = NO;
				ENABLE_STRICT_OBJC_MSGSEND = YES;
				GCC_C_LANGUAGE_STANDARD = gnu11;
				GCC_NO_COMMON_BLOCKS = YES;
				GCC_WARN_64_TO_32_BIT_CONVERSION = YES;
				GCC_WARN_ABOUT_RETURN_TYPE = YES_ERROR;
				GCC_WARN_UNDECLARED_SELECTOR = YES;
				GCC_WARN_UNINITIALIZED_AUTOS = YES_AGGRESSIVE;
				GCC_WARN_UNUSED_FUNCTION = YES;
				GCC_WARN_UNUSED_VARIABLE = YES;
				IPHONEOS_DEPLOYMENT_TARGET = 16.2;
				MTL_ENABLE_DEBUG_INFO = NO;
				MTL_FAST_MATH = YES;
				SDKROOT = iphoneos;
				SWIFT_COMPILATION_MODE = wholemodule;
				SWIFT_OPTIMIZATION_LEVEL = "-O";
				VALIDATE_PRODUCT = YES;
			};
			name = Release;
		};
		07DA6E8C2ABB7967002386B7 /* Debug */ = {
			isa = XCBuildConfiguration;
			buildSettings = {
				ASSETCATALOG_COMPILER_APPICON_NAME = AppIcon;
				ASSETCATALOG_COMPILER_GLOBAL_ACCENT_COLOR_NAME = AccentColor;
				CODE_SIGN_STYLE = Automatic;
				CURRENT_PROJECT_VERSION = 1;
				DEVELOPMENT_TEAM = LMKCFYYK23;
				GENERATE_INFOPLIST_FILE = YES;
				INFOPLIST_FILE = Taskich/Info.plist;
				INFOPLIST_KEY_UIApplicationSupportsIndirectInputEvents = YES;
				INFOPLIST_KEY_UILaunchStoryboardName = LaunchScreen;
				INFOPLIST_KEY_UISupportedInterfaceOrientations = UIInterfaceOrientationPortrait;
				INFOPLIST_KEY_UISupportedInterfaceOrientations_iPad = "UIInterfaceOrientationLandscapeLeft UIInterfaceOrientationLandscapeRight UIInterfaceOrientationPortrait UIInterfaceOrientationPortraitUpsideDown";
				IPHONEOS_DEPLOYMENT_TARGET = 15.0;
				LD_RUNPATH_SEARCH_PATHS = (
					"$(inherited)",
					"@executable_path/Frameworks",
				);
				MARKETING_VERSION = 1.0;
				PRODUCT_BUNDLE_IDENTIFIER = "Usman-Mahmuthazhiev.Taskich";
				PRODUCT_NAME = "$(TARGET_NAME)";
				SUPPORTED_PLATFORMS = "iphoneos iphonesimulator";
				SUPPORTS_MACCATALYST = NO;
				SUPPORTS_MAC_DESIGNED_FOR_IPHONE_IPAD = NO;
				SWIFT_EMIT_LOC_STRINGS = YES;
				SWIFT_VERSION = 5.0;
				TARGETED_DEVICE_FAMILY = 1;
			};
			name = Debug;
		};
		07DA6E8D2ABB7967002386B7 /* Release */ = {
			isa = XCBuildConfiguration;
			buildSettings = {
				ASSETCATALOG_COMPILER_APPICON_NAME = AppIcon;
				ASSETCATALOG_COMPILER_GLOBAL_ACCENT_COLOR_NAME = AccentColor;
				CODE_SIGN_STYLE = Automatic;
				CURRENT_PROJECT_VERSION = 1;
				DEVELOPMENT_TEAM = LMKCFYYK23;
				GENERATE_INFOPLIST_FILE = YES;
				INFOPLIST_FILE = Taskich/Info.plist;
				INFOPLIST_KEY_UIApplicationSupportsIndirectInputEvents = YES;
				INFOPLIST_KEY_UILaunchStoryboardName = LaunchScreen;
				INFOPLIST_KEY_UISupportedInterfaceOrientations = UIInterfaceOrientationPortrait;
				INFOPLIST_KEY_UISupportedInterfaceOrientations_iPad = "UIInterfaceOrientationLandscapeLeft UIInterfaceOrientationLandscapeRight UIInterfaceOrientationPortrait UIInterfaceOrientationPortraitUpsideDown";
				IPHONEOS_DEPLOYMENT_TARGET = 15.0;
				LD_RUNPATH_SEARCH_PATHS = (
					"$(inherited)",
					"@executable_path/Frameworks",
				);
				MARKETING_VERSION = 1.0;
				PRODUCT_BUNDLE_IDENTIFIER = "Usman-Mahmuthazhiev.Taskich";
				PRODUCT_NAME = "$(TARGET_NAME)";
				SUPPORTED_PLATFORMS = "iphoneos iphonesimulator";
				SUPPORTS_MACCATALYST = NO;
				SUPPORTS_MAC_DESIGNED_FOR_IPHONE_IPAD = NO;
				SWIFT_EMIT_LOC_STRINGS = YES;
				SWIFT_VERSION = 5.0;
				TARGETED_DEVICE_FAMILY = 1;
			};
			name = Release;
		};
/* End XCBuildConfiguration section */

/* Begin XCConfigurationList section */
		07DA6E722ABB7962002386B7 /* Build configuration list for PBXProject "Taskich" */ = {
			isa = XCConfigurationList;
			buildConfigurations = (
				07DA6E892ABB7967002386B7 /* Debug */,
				07DA6E8A2ABB7967002386B7 /* Release */,
			);
			defaultConfigurationIsVisible = 0;
			defaultConfigurationName = Release;
		};
		07DA6E8B2ABB7967002386B7 /* Build configuration list for PBXNativeTarget "Taskich" */ = {
			isa = XCConfigurationList;
			buildConfigurations = (
				07DA6E8C2ABB7967002386B7 /* Debug */,
				07DA6E8D2ABB7967002386B7 /* Release */,
			);
			defaultConfigurationIsVisible = 0;
			defaultConfigurationName = Release;
		};
/* End XCConfigurationList section */
	};
	rootObject = 07DA6E6F2ABB7962002386B7 /* Project object */;
}
